
Microsoft Visual Studio Solution File, Format Version 12.00
# Visual Studio Version 17
VisualStudioVersion = 17.0.31919.166
MinimumVisualStudioVersion = 10.0.40219.1
Project("{888888A0-9F3D-457C-B088-3A5042F75D52}") = "login pass", "login pass\login pass.pyproj", "{0A71E974-A8B2-45D0-A80C-82A7AE93484E}"
EndProject
Global
	GlobalSection(SolutionConfigurationPlatforms) = preSolution
		Debug|Any CPU = Debug|Any CPU
		Release|Any CPU = Release|Any CPU
	EndGlobalSection
	GlobalSection(ProjectConfigurationPlatforms) = postSolution
		{0A71E974-A8B2-45D0-A80C-82A7AE93484E}.Debug|Any CPU.ActiveCfg = Debug|Any CPU
		{0A71E974-A8B2-45D0-A80C-82A7AE93484E}.Release|Any CPU.ActiveCfg = Release|Any CPU
	EndGlobalSection
	GlobalSection(SolutionProperties) = preSolution
		HideSolutionNode = FALSE
	EndGlobalSection
	GlobalSection(ExtensibilityGlobals) = postSolution
		SolutionGuid = {47E96E03-545D-48A7-A842-37E446B69FEB}
	EndGlobalSection
EndGlobal
